{
  "pins" : [
    {
      "identity" : "hbutton",
      "kind" : "remoteSourceControl",
      "location" : "https://github.com/brayden4012/HButton.git",
      "state" : {
        "revision" : "da37cba5f04f2a0753af2ab02459ea251db5b91e",
        "version" : "1.0.0"
      }
    }
  ],
  "version" : 2
}
